
Microsoft Visual Studio Solution File, Format Version 12.00
# Visual Studio Version 17
VisualStudioVersion = 17.11.35219.272
MinimumVisualStudioVersion = 10.0.40219.1
Project("{FAE04EC0-301F-11D3-BF4B-00C04F79EFBC}") = "src", "src\src.csproj", "{D013AE89-9AAD-44CB-9F80-3B01B44AEA12}"
EndProject
Global
	GlobalSection(SolutionConfigurationPlatforms) = preSolution
		Debug|Any CPU = Debug|Any CPU
		Release|Any CPU = Release|Any CPU
	EndGlobalSection
	GlobalSection(ProjectConfigurationPlatforms) = postSolution
		{D013AE89-9AAD-44CB-9F80-3B01B44AEA12}.Debug|Any CPU.ActiveCfg = Debug|Any CPU
		{D013AE89-9AAD-44CB-9F80-3B01B44AEA12}.Debug|Any CPU.Build.0 = Debug|Any CPU
		{D013AE89-9AAD-44CB-9F80-3B01B44AEA12}.Release|Any CPU.ActiveCfg = Release|Any CPU
		{D013AE89-9AAD-44CB-9F80-3B01B44AEA12}.Release|Any CPU.Build.0 = Release|Any CPU
	EndGlobalSection
	GlobalSection(SolutionProperties) = preSolution
		HideSolutionNode = FALSE
	EndGlobalSection
	GlobalSection(ExtensibilityGlobals) = postSolution
		SolutionGuid = {B281CD33-A0FB-4E0B-ADA4-0338C5D26FF9}
	EndGlobalSection
EndGlobal
